// !$*UTF8*$!
{
	archiveVersion = 1;
	classes = {
	};
	objectVersion = 55;
	objects = {

/* Begin PBXBuildFile section */
		89493A702805FAAE002BC799 /* MainCoordinator.swift in Sources */ = {isa = PBXBuildFile; fileRef = 89493A6E2805FAAE002BC799 /* MainCoordinator.swift */; };
		89493A712805FAAE002BC799 /* Coordinator.swift in Sources */ = {isa = PBXBuildFile; fileRef = 89493A6F2805FAAE002BC799 /* Coordinator.swift */; };
		89493A7728060A4F002BC799 /* BaseViewController.swift in Sources */ = {isa = PBXBuildFile; fileRef = 89493A7428060A4E002BC799 /* BaseViewController.swift */; };
		89493A7828060A4F002BC799 /* TodoListViewController.swift in Sources */ = {isa = PBXBuildFile; fileRef = 89493A7528060A4F002BC799 /* TodoListViewController.swift */; };
		89493A7928060A4F002BC799 /* TodoItemDetailViewController.swift in Sources */ = {isa = PBXBuildFile; fileRef = 89493A7628060A4F002BC799 /* TodoItemDetailViewController.swift */; };
		89493A7C28060A6D002BC799 /* TodoListViewModel.swift in Sources */ = {isa = PBXBuildFile; fileRef = 89493A7A28060A6D002BC799 /* TodoListViewModel.swift */; };
		89493A7D28060A6D002BC799 /* TodoItemDetailViewModel.swift in Sources */ = {isa = PBXBuildFile; fileRef = 89493A7B28060A6D002BC799 /* TodoItemDetailViewModel.swift */; };
		89493A7F28060A8C002BC799 /* TodoItem.swift in Sources */ = {isa = PBXBuildFile; fileRef = 89493A7E28060A8C002BC799 /* TodoItem.swift */; };
		89493A8228060AAD002BC799 /* Repository.swift in Sources */ = {isa = PBXBuildFile; fileRef = 89493A8028060AAD002BC799 /* Repository.swift */; };
		89493A8328060AAD002BC799 /* RealmRepository.swift in Sources */ = {isa = PBXBuildFile; fileRef = 89493A8128060AAD002BC799 /* RealmRepository.swift */; };
		89493A8628060AD3002BC799 /* Constants.swift in Sources */ = {isa = PBXBuildFile; fileRef = 89493A8428060AD3002BC799 /* Constants.swift */; };
		89493A8728060AD3002BC799 /* Storyboarded.swift in Sources */ = {isa = PBXBuildFile; fileRef = 89493A8528060AD3002BC799 /* Storyboarded.swift */; };
		89493A8A28060AF6002BC799 /* Results.swift in Sources */ = {isa = PBXBuildFile; fileRef = 89493A8828060AF6002BC799 /* Results.swift */; };
		89493A8B28060AF6002BC799 /* UIImage.swift in Sources */ = {isa = PBXBuildFile; fileRef = 89493A8928060AF6002BC799 /* UIImage.swift */; };
		89493A9228060B41002BC799 /* SceneDelegate.swift in Sources */ = {isa = PBXBuildFile; fileRef = 89493A8C28060B41002BC799 /* SceneDelegate.swift */; };
		89493A9328060B41002BC799 /* Assets.xcassets in Resources */ = {isa = PBXBuildFile; fileRef = 89493A8D28060B41002BC799 /* Assets.xcassets */; };
		89493A9528060B41002BC799 /* LaunchScreen.storyboard in Resources */ = {isa = PBXBuildFile; fileRef = 89493A8F28060B41002BC799 /* LaunchScreen.storyboard */; };
		89493A9628060B41002BC799 /* AppDelegate.swift in Sources */ = {isa = PBXBuildFile; fileRef = 89493A9028060B41002BC799 /* AppDelegate.swift */; };
		89493A9728060B41002BC799 /* Main.storyboard in Resources */ = {isa = PBXBuildFile; fileRef = 89493A9128060B41002BC799 /* Main.storyboard */; };
		895390902805CDF40077FA22 /* Realm in Frameworks */ = {isa = PBXBuildFile; productRef = 8953908F2805CDF40077FA22 /* Realm */; };
		895390922805CDF40077FA22 /* RealmSwift in Frameworks */ = {isa = PBXBuildFile; productRef = 895390912805CDF40077FA22 /* RealmSwift */; };
/* End PBXBuildFile section */

/* Begin PBXFileReference section */
		89493A6E2805FAAE002BC799 /* MainCoordinator.swift */ = {isa = PBXFileReference; fileEncoding = 4; lastKnownFileType = sourcecode.swift; path = MainCoordinator.swift; sourceTree = "<group>"; };
		89493A6F2805FAAE002BC799 /* Coordinator.swift */ = {isa = PBXFileReference; fileEncoding = 4; lastKnownFileType = sourcecode.swift; path = Coordinator.swift; sourceTree = "<group>"; };
		89493A7428060A4E002BC799 /* BaseViewController.swift */ = {isa = PBXFileReference; fileEncoding = 4; lastKnownFileType = sourcecode.swift; path = BaseViewController.swift; sourceTree = "<group>"; };
		89493A7528060A4F002BC799 /* TodoListViewController.swift */ = {isa = PBXFileReference; fileEncoding = 4; lastKnownFileType = sourcecode.swift; path = TodoListViewController.swift; sourceTree = "<group>"; };
		89493A7628060A4F002BC799 /* TodoItemDetailViewController.swift */ = {isa = PBXFileReference; fileEncoding = 4; lastKnownFileType = sourcecode.swift; path = TodoItemDetailViewController.swift; sourceTree = "<group>"; };
		89493A7A28060A6D002BC799 /* TodoListViewModel.swift */ = {isa = PBXFileReference; fileEncoding = 4; lastKnownFileType = sourcecode.swift; path = TodoListViewModel.swift; sourceTree = "<group>"; };
		89493A7B28060A6D002BC799 /* TodoItemDetailViewModel.swift */ = {isa = PBXFileReference; fileEncoding = 4; lastKnownFileType = sourcecode.swift; path = TodoItemDetailViewModel.swift; sourceTree = "<group>"; };
		89493A7E28060A8C002BC799 /* TodoItem.swift */ = {isa = PBXFileReference; fileEncoding = 4; lastKnownFileType = sourcecode.swift; path = TodoItem.swift; sourceTree = "<group>"; };
		89493A8028060AAD002BC799 /* Repository.swift */ = {isa = PBXFileReference; fileEncoding = 4; lastKnownFileType = sourcecode.swift; path = Repository.swift; sourceTree = "<group>"; };
		89493A8128060AAD002BC799 /* RealmRepository.swift */ = {isa = PBXFileReference; fileEncoding = 4; lastKnownFileType = sourcecode.swift; path = RealmRepository.swift; sourceTree = "<group>"; };
		89493A8428060AD3002BC799 /* Constants.swift */ = {isa = PBXFileReference; fileEncoding = 4; lastKnownFileType = sourcecode.swift; path = Constants.swift; sourceTree = "<group>"; };
		89493A8528060AD3002BC799 /* Storyboarded.swift */ = {isa = PBXFileReference; fileEncoding = 4; lastKnownFileType = sourcecode.swift; path = Storyboarded.swift; sourceTree = "<group>"; };
		89493A8828060AF6002BC799 /* Results.swift */ = {isa = PBXFileReference; fileEncoding = 4; lastKnownFileType = sourcecode.swift; path = Results.swift; sourceTree = "<group>"; };
		89493A8928060AF6002BC799 /* UIImage.swift */ = {isa = PBXFileReference; fileEncoding = 4; lastKnownFileType = sourcecode.swift; path = UIImage.swift; sourceTree = "<group>"; };
		89493A8C28060B41002BC799 /* SceneDelegate.swift */ = {isa = PBXFileReference; fileEncoding = 4; lastKnownFileType = sourcecode.swift; path = SceneDelegate.swift; sourceTree = "<group>"; };
		89493A8D28060B41002BC799 /* Assets.xcassets */ = {isa = PBXFileReference; lastKnownFileType = folder.assetcatalog; path = Assets.xcassets; sourceTree = "<group>"; };
		89493A8E28060B41002BC799 /* Info.plist */ = {isa = PBXFileReference; fileEncoding = 4; lastKnownFileType = text.plist.xml; path = Info.plist; sourceTree = "<group>"; };
		89493A8F28060B41002BC799 /* LaunchScreen.storyboard */ = {isa = PBXFileReference; fileEncoding = 4; lastKnownFileType = file.storyboard; path = LaunchScreen.storyboard; sourceTree = "<group>"; };
		89493A9028060B41002BC799 /* AppDelegate.swift */ = {isa = PBXFileReference; fileEncoding = 4; lastKnownFileType = sourcecode.swift; path = AppDelegate.swift; sourceTree = "<group>"; };
		89493A9128060B41002BC799 /* Main.storyboard */ = {isa = PBXFileReference; fileEncoding = 4; lastKnownFileType = file.storyboard; path = Main.storyboard; sourceTree = "<group>"; };
		895390682805CB940077FA22 /* ToDoApp.app */ = {isa = PBXFileReference; explicitFileType = wrapper.application; includeInIndex = 0; path = ToDoApp.app; sourceTree = BUILT_PRODUCTS_DIR; };
/* End PBXFileReference section */

/* Begin PBXFrameworksBuildPhase section */
		895390652805CB940077FA22 /* Frameworks */ = {
			isa = PBXFrameworksBuildPhase;
			buildActionMask = 2147483647;
			files = (
				895390922805CDF40077FA22 /* RealmSwift in Frameworks */,
				895390902805CDF40077FA22 /* Realm in Frameworks */,
			);
			runOnlyForDeploymentPostprocessing = 0;
		};
/* End PBXFrameworksBuildPhase section */

/* Begin PBXGroup section */
		89493A662805FA7B002BC799 /* Extension */ = {
			isa = PBXGroup;
			children = (
				89493A8828060AF6002BC799 /* Results.swift */,
				89493A8928060AF6002BC799 /* UIImage.swift */,
			);
			path = Extension;
			sourceTree = "<group>";
		};
		89493A672805FA80002BC799 /* Util */ = {
			isa = PBXGroup;
			children = (
				89493A8428060AD3002BC799 /* Constants.swift */,
				89493A8528060AD3002BC799 /* Storyboarded.swift */,
			);
			path = Util;
			sourceTree = "<group>";
		};
		89493A682805FA84002BC799 /* Repository */ = {
			isa = PBXGroup;
			children = (
				89493A8128060AAD002BC799 /* RealmRepository.swift */,
				89493A8028060AAD002BC799 /* Repository.swift */,
			);
			path = Repository;
			sourceTree = "<group>";
		};
		89493A692805FA8A002BC799 /* Model */ = {
			isa = PBXGroup;
			children = (
				89493A7E28060A8C002BC799 /* TodoItem.swift */,
			);
			path = Model;
			sourceTree = "<group>";
		};
		89493A6A2805FA8F002BC799 /* View Model */ = {
			isa = PBXGroup;
			children = (
				89493A7B28060A6D002BC799 /* TodoItemDetailViewModel.swift */,
				89493A7A28060A6D002BC799 /* TodoListViewModel.swift */,
			);
			path = "View Model";
			sourceTree = "<group>";
		};
		89493A6B2805FA94002BC799 /* View */ = {
			isa = PBXGroup;
			children = (
				89493A7428060A4E002BC799 /* BaseViewController.swift */,
				89493A7628060A4F002BC799 /* TodoItemDetailViewController.swift */,
				89493A7528060A4F002BC799 /* TodoListViewController.swift */,
			);
			path = View;
			sourceTree = "<group>";
		};
		89493A6C2805FA99002BC799 /* Coordinator */ = {
			isa = PBXGroup;
			children = (
				89493A6F2805FAAE002BC799 /* Coordinator.swift */,
				89493A6E2805FAAE002BC799 /* MainCoordinator.swift */,
			);
			path = Coordinator;
			sourceTree = "<group>";
		};
		8953905F2805CB940077FA22 = {
			isa = PBXGroup;
			children = (
				8953906A2805CB940077FA22 /* ToDoApp */,
				895390692805CB940077FA22 /* Products */,
			);
			sourceTree = "<group>";
		};
		895390692805CB940077FA22 /* Products */ = {
			isa = PBXGroup;
			children = (
				895390682805CB940077FA22 /* ToDoApp.app */,
			);
			name = Products;
			sourceTree = "<group>";
		};
		8953906A2805CB940077FA22 /* ToDoApp */ = {
			isa = PBXGroup;
			children = (
				89493A6C2805FA99002BC799 /* Coordinator */,
				89493A6B2805FA94002BC799 /* View */,
				89493A6A2805FA8F002BC799 /* View Model */,
				89493A692805FA8A002BC799 /* Model */,
				89493A682805FA84002BC799 /* Repository */,
				89493A672805FA80002BC799 /* Util */,
				89493A662805FA7B002BC799 /* Extension */,
				8953908D2805CC290077FA22 /* Supporting Files */,
			);
			path = ToDoApp;
			sourceTree = "<group>";
		};
		8953908D2805CC290077FA22 /* Supporting Files */ = {
			isa = PBXGroup;
			children = (
				89493A9028060B41002BC799 /* AppDelegate.swift */,
				89493A8D28060B41002BC799 /* Assets.xcassets */,
				89493A8E28060B41002BC799 /* Info.plist */,
				89493A8F28060B41002BC799 /* LaunchScreen.storyboard */,
				89493A9128060B41002BC799 /* Main.storyboard */,
				89493A8C28060B41002BC799 /* SceneDelegate.swift */,
			);
			path = "Supporting Files";
			sourceTree = "<group>";
		};
/* End PBXGroup section */

/* Begin PBXNativeTarget section */
		895390672805CB940077FA22 /* ToDoApp */ = {
			isa = PBXNativeTarget;
			buildConfigurationList = 8953907C2805CB9B0077FA22 /* Build configuration list for PBXNativeTarget "ToDoApp" */;
			buildPhases = (
				895390642805CB940077FA22 /* Sources */,
				895390652805CB940077FA22 /* Frameworks */,
				895390662805CB940077FA22 /* Resources */,
			);
			buildRules = (
			);
			dependencies = (
			);
			name = ToDoApp;
			packageProductDependencies = (
				8953908F2805CDF40077FA22 /* Realm */,
				895390912805CDF40077FA22 /* RealmSwift */,
			);
			productName = ToDoApp;
			productReference = 895390682805CB940077FA22 /* ToDoApp.app */;
			productType = "com.apple.product-type.application";
		};
/* End PBXNativeTarget section */

/* Begin PBXProject section */
		895390602805CB940077FA22 /* Project object */ = {
			isa = PBXProject;
			attributes = {
				BuildIndependentTargetsInParallel = 1;
				LastSwiftUpdateCheck = 1320;
				LastUpgradeCheck = 1320;
				TargetAttributes = {
					895390672805CB940077FA22 = {
						CreatedOnToolsVersion = 13.2.1;
					};
				};
			};
			buildConfigurationList = 895390632805CB940077FA22 /* Build configuration list for PBXProject "ToDoApp" */;
			compatibilityVersion = "Xcode 13.0";
			developmentRegion = en;
			hasScannedForEncodings = 0;
			knownRegions = (
				en,
				Base,
			);
			mainGroup = 8953905F2805CB940077FA22;
			packageReferences = (
				8953908E2805CDF40077FA22 /* XCRemoteSwiftPackageReference "realm-swift" */,
			);
			productRefGroup = 895390692805CB940077FA22 /* Products */;
			projectDirPath = "";
			projectRoot = "";
			targets = (
				895390672805CB940077FA22 /* ToDoApp */,
			);
		};
/* End PBXProject section */

/* Begin PBXResourcesBuildPhase section */
		895390662805CB940077FA22 /* Resources */ = {
			isa = PBXResourcesBuildPhase;
			buildActionMask = 2147483647;
			files = (
				89493A9528060B41002BC799 /* LaunchScreen.storyboard in Resources */,
				89493A9328060B41002BC799 /* Assets.xcassets in Resources */,
				89493A9728060B41002BC799 /* Main.storyboard in Resources */,
			);
			runOnlyForDeploymentPostprocessing = 0;
		};
/* End PBXResourcesBuildPhase section */

/* Begin PBXSourcesBuildPhase section */
		895390642805CB940077FA22 /* Sources */ = {
			isa = PBXSourcesBuildPhase;
			buildActionMask = 2147483647;
			files = (
				89493A7F28060A8C002BC799 /* TodoItem.swift in Sources */,
				89493A7C28060A6D002BC799 /* TodoListViewModel.swift in Sources */,
				89493A7828060A4F002BC799 /* TodoListViewController.swift in Sources */,
				89493A7728060A4F002BC799 /* BaseViewController.swift in Sources */,
				89493A712805FAAE002BC799 /* Coordinator.swift in Sources */,
				89493A9228060B41002BC799 /* SceneDelegate.swift in Sources */,
				89493A8328060AAD002BC799 /* RealmRepository.swift in Sources */,
				89493A8228060AAD002BC799 /* Repository.swift in Sources */,
				89493A9628060B41002BC799 /* AppDelegate.swift in Sources */,
				89493A8628060AD3002BC799 /* Constants.swift in Sources */,
				89493A7D28060A6D002BC799 /* TodoItemDetailViewModel.swift in Sources */,
				89493A8B28060AF6002BC799 /* UIImage.swift in Sources */,
				89493A8A28060AF6002BC799 /* Results.swift in Sources */,
				89493A702805FAAE002BC799 /* MainCoordinator.swift in Sources */,
				89493A7928060A4F002BC799 /* TodoItemDetailViewController.swift in Sources */,
				89493A8728060AD3002BC799 /* Storyboarded.swift in Sources */,
			);
			runOnlyForDeploymentPostprocessing = 0;
		};
/* End PBXSourcesBuildPhase section */

/* Begin XCBuildConfiguration section */
		8953907A2805CB9B0077FA22 /* Debug */ = {
			isa = XCBuildConfiguration;
			buildSettings = {
				ALWAYS_SEARCH_USER_PATHS = NO;
				CLANG_ANALYZER_NONNULL = YES;
				CLANG_ANALYZER_NUMBER_OBJECT_CONVERSION = YES_AGGRESSIVE;
				CLANG_CXX_LANGUAGE_STANDARD = "gnu++17";
				CLANG_CXX_LIBRARY = "libc++";
				CLANG_ENABLE_MODULES = YES;
				CLANG_ENABLE_OBJC_ARC = YES;
				CLANG_ENABLE_OBJC_WEAK = YES;
				CLANG_WARN_BLOCK_CAPTURE_AUTORELEASING = YES;
				CLANG_WARN_BOOL_CONVERSION = YES;
				CLANG_WARN_COMMA = YES;
				CLANG_WARN_CONSTANT_CONVERSION = YES;
				CLANG_WARN_DEPRECATED_OBJC_IMPLEMENTATIONS = YES;
				CLANG_WARN_DIRECT_OBJC_ISA_USAGE = YES_ERROR;
				CLANG_WARN_DOCUMENTATION_COMMENTS = YES;
				CLANG_WARN_EMPTY_BODY = YES;
				CLANG_WARN_ENUM_CONVERSION = YES;
				CLANG_WARN_INFINITE_RECURSION = YES;
				CLANG_WARN_INT_CONVERSION = YES;
				CLANG_WARN_NON_LITERAL_NULL_CONVERSION = YES;
				CLANG_WARN_OBJC_IMPLICIT_RETAIN_SELF = YES;
				CLANG_WARN_OBJC_LITERAL_CONVERSION = YES;
				CLANG_WARN_OBJC_ROOT_CLASS = YES_ERROR;
				CLANG_WARN_QUOTED_INCLUDE_IN_FRAMEWORK_HEADER = YES;
				CLANG_WARN_RANGE_LOOP_ANALYSIS = YES;
				CLANG_WARN_STRICT_PROTOTYPES = YES;
				CLANG_WARN_SUSPICIOUS_MOVE = YES;
				CLANG_WARN_UNGUARDED_AVAILABILITY = YES_AGGRESSIVE;
				CLANG_WARN_UNREACHABLE_CODE = YES;
				CLANG_WARN__DUPLICATE_METHOD_MATCH = YES;
				COPY_PHASE_STRIP = NO;
				DEBUG_INFORMATION_FORMAT = dwarf;
				ENABLE_STRICT_OBJC_MSGSEND = YES;
				ENABLE_TESTABILITY = YES;
				GCC_C_LANGUAGE_STANDARD = gnu11;
				GCC_DYNAMIC_NO_PIC = NO;
				GCC_NO_COMMON_BLOCKS = YES;
				GCC_OPTIMIZATION_LEVEL = 0;
				GCC_PREPROCESSOR_DEFINITIONS = (
					"DEBUG=1",
					"$(inherited)",
				);
				GCC_WARN_64_TO_32_BIT_CONVERSION = YES;
				GCC_WARN_ABOUT_RETURN_TYPE = YES_ERROR;
				GCC_WARN_UNDECLARED_SELECTOR = YES;
				GCC_WARN_UNINITIALIZED_AUTOS = YES_AGGRESSIVE;
				GCC_WARN_UNUSED_FUNCTION = YES;
				GCC_WARN_UNUSED_VARIABLE = YES;
				IPHONEOS_DEPLOYMENT_TARGET = 15.2;
				MTL_ENABLE_DEBUG_INFO = INCLUDE_SOURCE;
				MTL_FAST_MATH = YES;
				ONLY_ACTIVE_ARCH = YES;
				SDKROOT = iphoneos;
				SWIFT_ACTIVE_COMPILATION_CONDITIONS = DEBUG;
				SWIFT_OPTIMIZATION_LEVEL = "-Onone";
			};
			name = Debug;
		};
		8953907B2805CB9B0077FA22 /* Release */ = {
			isa = XCBuildConfiguration;
			buildSettings = {
				ALWAYS_SEARCH_USER_PATHS = NO;
				CLANG_ANALYZER_NONNULL = YES;
				CLANG_ANALYZER_NUMBER_OBJECT_CONVERSION = YES_AGGRESSIVE;
				CLANG_CXX_LANGUAGE_STANDARD = "gnu++17";
				CLANG_CXX_LIBRARY = "libc++";
				CLANG_ENABLE_MODULES = YES;
				CLANG_ENABLE_OBJC_ARC = YES;
				CLANG_ENABLE_OBJC_WEAK = YES;
				CLANG_WARN_BLOCK_CAPTURE_AUTORELEASING = YES;
				CLANG_WARN_BOOL_CONVERSION = YES;
				CLANG_WARN_COMMA = YES;
				CLANG_WARN_CONSTANT_CONVERSION = YES;
				CLANG_WARN_DEPRECATED_OBJC_IMPLEMENTATIONS = YES;
				CLANG_WARN_DIRECT_OBJC_ISA_USAGE = YES_ERROR;
				CLANG_WARN_DOCUMENTATION_COMMENTS = YES;
				CLANG_WARN_EMPTY_BODY = YES;
				CLANG_WARN_ENUM_CONVERSION = YES;
				CLANG_WARN_INFINITE_RECURSION = YES;
				CLANG_WARN_INT_CONVERSION = YES;
				CLANG_WARN_NON_LITERAL_NULL_CONVERSION = YES;
				CLANG_WARN_OBJC_IMPLICIT_RETAIN_SELF = YES;
				CLANG_WARN_OBJC_LITERAL_CONVERSION = YES;
				CLANG_WARN_OBJC_ROOT_CLASS = YES_ERROR;
				CLANG_WARN_QUOTED_INCLUDE_IN_FRAMEWORK_HEADER = YES;
				CLANG_WARN_RANGE_LOOP_ANALYSIS = YES;
				CLANG_WARN_STRICT_PROTOTYPES = YES;
				CLANG_WARN_SUSPICIOUS_MOVE = YES;
				CLANG_WARN_UNGUARDED_AVAILABILITY = YES_AGGRESSIVE;
				CLANG_WARN_UNREACHABLE_CODE = YES;
				CLANG_WARN__DUPLICATE_METHOD_MATCH = YES;
				COPY_PHASE_STRIP = NO;
				DEBUG_INFORMATION_FORMAT = "dwarf-with-dsym";
				ENABLE_NS_ASSERTIONS = NO;
				ENABLE_STRICT_OBJC_MSGSEND = YES;
				GCC_C_LANGUAGE_STANDARD = gnu11;
				GCC_NO_COMMON_BLOCKS = YES;
				GCC_WARN_64_TO_32_BIT_CONVERSION = YES;
				GCC_WARN_ABOUT_RETURN_TYPE = YES_ERROR;
				GCC_WARN_UNDECLARED_SELECTOR = YES;
				GCC_WARN_UNINITIALIZED_AUTOS = YES_AGGRESSIVE;
				GCC_WARN_UNUSED_FUNCTION = YES;
				GCC_WARN_UNUSED_VARIABLE = YES;
				IPHONEOS_DEPLOYMENT_TARGET = 15.2;
				MTL_ENABLE_DEBUG_INFO = NO;
				MTL_FAST_MATH = YES;
				SDKROOT = iphoneos;
				SWIFT_COMPILATION_MODE = wholemodule;
				SWIFT_OPTIMIZATION_LEVEL = "-O";
				VALIDATE_PRODUCT = YES;
			};
			name = Release;
		};
		8953907D2805CB9B0077FA22 /* Debug */ = {
			isa = XCBuildConfiguration;
			buildSettings = {
				ASSETCATALOG_COMPILER_APPICON_NAME = AppIcon;
				ASSETCATALOG_COMPILER_GLOBAL_ACCENT_COLOR_NAME = AccentColor;
				CODE_SIGN_STYLE = Automatic;
				CURRENT_PROJECT_VERSION = 1;
				DEVELOPMENT_TEAM = HZ45UVA98U;
				GENERATE_INFOPLIST_FILE = YES;
				INFOPLIST_FILE = "ToDoApp/Supporting Files/Info.plist";
				INFOPLIST_KEY_UIApplicationSupportsIndirectInputEvents = YES;
				INFOPLIST_KEY_UILaunchStoryboardName = LaunchScreen;
				INFOPLIST_KEY_UIMainStoryboardFile = Main;
				INFOPLIST_KEY_UISupportedInterfaceOrientations_iPad = "UIInterfaceOrientationPortrait UIInterfaceOrientationPortraitUpsideDown UIInterfaceOrientationLandscapeLeft UIInterfaceOrientationLandscapeRight";
				INFOPLIST_KEY_UISupportedInterfaceOrientations_iPhone = "UIInterfaceOrientationPortrait UIInterfaceOrientationLandscapeLeft UIInterfaceOrientationLandscapeRight";
				IPHONEOS_DEPLOYMENT_TARGET = 14.0;
				LD_RUNPATH_SEARCH_PATHS = (
					"$(inherited)",
					"@executable_path/Frameworks",
				);
				MARKETING_VERSION = 1.0;
				PRODUCT_BUNDLE_IDENTIFIER = com.yigitdemirkapu.ToDoApp;
				PRODUCT_NAME = "$(TARGET_NAME)";
				SWIFT_EMIT_LOC_STRINGS = YES;
				SWIFT_VERSION = 5.0;
				TARGETED_DEVICE_FAMILY = "1,2";
			};
			name = Debug;
		};
		8953907E2805CB9B0077FA22 /* Release */ = {
			isa = XCBuildConfiguration;
			buildSettings = {
				ASSETCATALOG_COMPILER_APPICON_NAME = AppIcon;
				ASSETCATALOG_COMPILER_GLOBAL_ACCENT_COLOR_NAME = AccentColor;
				CODE_SIGN_STYLE = Automatic;
				CURRENT_PROJECT_VERSION = 1;
				DEVELOPMENT_TEAM = HZ45UVA98U;
				GENERATE_INFOPLIST_FILE = YES;
				INFOPLIST_FILE = "ToDoApp/Supporting Files/Info.plist";
				INFOPLIST_KEY_UIApplicationSupportsIndirectInputEvents = YES;
				INFOPLIST_KEY_UILaunchStoryboardName = LaunchScreen;
				INFOPLIST_KEY_UIMainStoryboardFile = Main;
				INFOPLIST_KEY_UISupportedInterfaceOrientations_iPad = "UIInterfaceOrientationPortrait UIInterfaceOrientationPortraitUpsideDown UIInterfaceOrientationLandscapeLeft UIInterfaceOrientationLandscapeRight";
				INFOPLIST_KEY_UISupportedInterfaceOrientations_iPhone = "UIInterfaceOrientationPortrait UIInterfaceOrientationLandscapeLeft UIInterfaceOrientationLandscapeRight";
				IPHONEOS_DEPLOYMENT_TARGET = 14.0;
				LD_RUNPATH_SEARCH_PATHS = (
					"$(inherited)",
					"@executable_path/Frameworks",
				);
				MARKETING_VERSION = 1.0;
				PRODUCT_BUNDLE_IDENTIFIER = com.yigitdemirkapu.ToDoApp;
				PRODUCT_NAME = "$(TARGET_NAME)";
				SWIFT_EMIT_LOC_STRINGS = YES;
				SWIFT_VERSION = 5.0;
				TARGETED_DEVICE_FAMILY = "1,2";
			};
			name = Release;
		};
/* End XCBuildConfiguration section */

/* Begin XCConfigurationList section */
		895390632805CB940077FA22 /* Build configuration list for PBXProject "ToDoApp" */ = {
			isa = XCConfigurationList;
			buildConfigurations = (
				8953907A2805CB9B0077FA22 /* Debug */,
				8953907B2805CB9B0077FA22 /* Release */,
			);
			defaultConfigurationIsVisible = 0;
			defaultConfigurationName = Release;
		};
		8953907C2805CB9B0077FA22 /* Build configuration list for PBXNativeTarget "ToDoApp" */ = {
			isa = XCConfigurationList;
			buildConfigurations = (
				8953907D2805CB9B0077FA22 /* Debug */,
				8953907E2805CB9B0077FA22 /* Release */,
			);
			defaultConfigurationIsVisible = 0;
			defaultConfigurationName = Release;
		};
/* End XCConfigurationList section */

/* Begin XCRemoteSwiftPackageReference section */
		8953908E2805CDF40077FA22 /* XCRemoteSwiftPackageReference "realm-swift" */ = {
			isa = XCRemoteSwiftPackageReference;
			repositoryURL = "https://github.com/realm/realm-swift.git";
			requirement = {
				kind = upToNextMajorVersion;
				minimumVersion = 10.7.0;
			};
		};
/* End XCRemoteSwiftPackageReference section */

/* Begin XCSwiftPackageProductDependency section */
		8953908F2805CDF40077FA22 /* Realm */ = {
			isa = XCSwiftPackageProductDependency;
			package = 8953908E2805CDF40077FA22 /* XCRemoteSwiftPackageReference "realm-swift" */;
			productName = Realm;
		};
		895390912805CDF40077FA22 /* RealmSwift */ = {
			isa = XCSwiftPackageProductDependency;
			package = 8953908E2805CDF40077FA22 /* XCRemoteSwiftPackageReference "realm-swift" */;
			productName = RealmSwift;
		};
/* End XCSwiftPackageProductDependency section */
	};
	rootObject = 895390602805CB940077FA22 /* Project object */;
}
